
Microsoft Visual Studio Solution File, Format Version 12.00
# Visual Studio Version 16
VisualStudioVersion = 16.0.32002.261
MinimumVisualStudioVersion = 10.0.40219.1
Project("{FAE04EC0-301F-11D3-BF4B-00C04F79EFBC}") = "workiom app", "workiom app\workiom app.csproj", "{0F7D8B2F-0D14-4917-B0B7-70279FE8D832}"
EndProject
Global
	GlobalSection(SolutionConfigurationPlatforms) = preSolution
		Debug|Any CPU = Debug|Any CPU
		Release|Any CPU = Release|Any CPU
	EndGlobalSection
	GlobalSection(ProjectConfigurationPlatforms) = postSolution
		{0F7D8B2F-0D14-4917-B0B7-70279FE8D832}.Debug|Any CPU.ActiveCfg = Debug|Any CPU
		{0F7D8B2F-0D14-4917-B0B7-70279FE8D832}.Debug|Any CPU.Build.0 = Debug|Any CPU
		{0F7D8B2F-0D14-4917-B0B7-70279FE8D832}.Release|Any CPU.ActiveCfg = Release|Any CPU
		{0F7D8B2F-0D14-4917-B0B7-70279FE8D832}.Release|Any CPU.Build.0 = Release|Any CPU
	EndGlobalSection
	GlobalSection(SolutionProperties) = preSolution
		HideSolutionNode = FALSE
	EndGlobalSection
	GlobalSection(ExtensibilityGlobals) = postSolution
		SolutionGuid = {D144C637-DBD0-4D46-A691-31AEF40AD7F2}
	EndGlobalSection
EndGlobal
